
Microsoft Visual Studio Solution File, Format Version 12.00
# Visual Studio Version 16
VisualStudioVersion = 16.0.31005.135
MinimumVisualStudioVersion = 10.0.40219.1
Project("{FAE04EC0-301F-11D3-BF4B-00C04F79EFBC}") = "Mumbleline", "Mumbleline\Mumbleline.csproj", "{7D0778BB-D6AD-4DA0-93A9-50F5D4329EC3}"
EndProject
Project("{9A19103F-16F7-4668-BE54-9A1E7A4F7556}") = "MumbleLinkSharp", "MumbleLinkSharp\MumbleLinkSharp.csproj", "{1E73B0CF-8D36-442F-8DF0-0EC11CA57D2D}"
EndProject
Project("{9A19103F-16F7-4668-BE54-9A1E7A4F7556}") = "MumbleTest", "MumbleTest\MumbleTest.csproj", "{08512EFA-5CEC-49AA-A241-759078F7C83E}"
EndProject
Global
	GlobalSection(SolutionConfigurationPlatforms) = preSolution
		Debug|Any CPU = Debug|Any CPU
		Debug|x86 = Debug|x86
		Release|Any CPU = Release|Any CPU
		Release|x86 = Release|x86
	EndGlobalSection
	GlobalSection(ProjectConfigurationPlatforms) = postSolution
		{7D0778BB-D6AD-4DA0-93A9-50F5D4329EC3}.Debug|Any CPU.ActiveCfg = Debug|Any CPU
		{7D0778BB-D6AD-4DA0-93A9-50F5D4329EC3}.Debug|Any CPU.Build.0 = Debug|Any CPU
		{7D0778BB-D6AD-4DA0-93A9-50F5D4329EC3}.Debug|x86.ActiveCfg = Debug|x86
		{7D0778BB-D6AD-4DA0-93A9-50F5D4329EC3}.Debug|x86.Build.0 = Debug|x86
		{7D0778BB-D6AD-4DA0-93A9-50F5D4329EC3}.Release|Any CPU.ActiveCfg = Release|Any CPU
		{7D0778BB-D6AD-4DA0-93A9-50F5D4329EC3}.Release|Any CPU.Build.0 = Release|Any CPU
		{7D0778BB-D6AD-4DA0-93A9-50F5D4329EC3}.Release|x86.ActiveCfg = Release|x86
		{7D0778BB-D6AD-4DA0-93A9-50F5D4329EC3}.Release|x86.Build.0 = Release|x86
		{1E73B0CF-8D36-442F-8DF0-0EC11CA57D2D}.Debug|Any CPU.ActiveCfg = Debug|Any CPU
		{1E73B0CF-8D36-442F-8DF0-0EC11CA57D2D}.Debug|Any CPU.Build.0 = Debug|Any CPU
		{1E73B0CF-8D36-442F-8DF0-0EC11CA57D2D}.Debug|x86.ActiveCfg = Debug|x86
		{1E73B0CF-8D36-442F-8DF0-0EC11CA57D2D}.Debug|x86.Build.0 = Debug|x86
		{1E73B0CF-8D36-442F-8DF0-0EC11CA57D2D}.Release|Any CPU.ActiveCfg = Release|Any CPU
		{1E73B0CF-8D36-442F-8DF0-0EC11CA57D2D}.Release|Any CPU.Build.0 = Release|Any CPU
		{1E73B0CF-8D36-442F-8DF0-0EC11CA57D2D}.Release|x86.ActiveCfg = Release|x86
		{1E73B0CF-8D36-442F-8DF0-0EC11CA57D2D}.Release|x86.Build.0 = Release|x86
		{08512EFA-5CEC-49AA-A241-759078F7C83E}.Debug|Any CPU.ActiveCfg = Debug|Any CPU
		{08512EFA-5CEC-49AA-A241-759078F7C83E}.Debug|Any CPU.Build.0 = Debug|Any CPU
		{08512EFA-5CEC-49AA-A241-759078F7C83E}.Debug|x86.ActiveCfg = Debug|x86
		{08512EFA-5CEC-49AA-A241-759078F7C83E}.Debug|x86.Build.0 = Debug|x86
		{08512EFA-5CEC-49AA-A241-759078F7C83E}.Release|Any CPU.ActiveCfg = Release|Any CPU
		{08512EFA-5CEC-49AA-A241-759078F7C83E}.Release|Any CPU.Build.0 = Release|Any CPU
		{08512EFA-5CEC-49AA-A241-759078F7C83E}.Release|x86.ActiveCfg = Release|x86
		{08512EFA-5CEC-49AA-A241-759078F7C83E}.Release|x86.Build.0 = Release|x86
	EndGlobalSection
	GlobalSection(SolutionProperties) = preSolution
		HideSolutionNode = FALSE
	EndGlobalSection
	GlobalSection(ExtensibilityGlobals) = postSolution
		SolutionGuid = {B0AF7F64-5E69-4DF7-BF64-E4BCBDCB4B65}
	EndGlobalSection
EndGlobal
